
Microsoft Visual Studio Solution File, Format Version 12.00
# Visual Studio Version 17
VisualStudioVersion = 17.11.35312.102
MinimumVisualStudioVersion = 10.0.40219.1
Project("{9A19103F-16F7-4668-BE54-9A1E7A4F7556}") = "TgBotFrame", "TgBotFrame\TgBotFrame.csproj", "{1789CAC5-5441-496F-B340-310E5D16CC23}"
EndProject
Project("{9A19103F-16F7-4668-BE54-9A1E7A4F7556}") = "TgBotFrame.Commands", "TgBotFrame.Commands\TgBotFrame.Commands.csproj", "{19B00318-C11B-4B29-940C-52A9A64E1738}"
EndProject
Project("{9A19103F-16F7-4668-BE54-9A1E7A4F7556}") = "TgBotFrame.Commands.Start", "TgBotFrame.Commands.Start\TgBotFrame.Commands.Start.csproj", "{AB8A5DD7-E89B-42BA-88EB-1EB9A36FB1D2}"
EndProject
Project("{9A19103F-16F7-4668-BE54-9A1E7A4F7556}") = "TgBotFrame.Commands.Help", "TgBotFrame.Commands.Help\TgBotFrame.Commands.Help.csproj", "{32A8EFC2-B8B2-40AD-98D2-2D13A5F25529}"
EndProject
Project("{9A19103F-16F7-4668-BE54-9A1E7A4F7556}") = "TgBotFrame.Commands.Authorization", "TgBotFrame.Commands.Authorization\TgBotFrame.Commands.Authorization.csproj", "{610044F2-B892-46DD-BC65-0143BC2F3379}"
EndProject
Project("{9A19103F-16F7-4668-BE54-9A1E7A4F7556}") = "TgBotFrame.Commands.RateLimit", "TgBotFrame.Commands.RateLimit\TgBotFrame.Commands.RateLimit.csproj", "{4C4D3679-1388-41C3-8E5B-935E9FE0A1F5}"
EndProject
Project("{9A19103F-16F7-4668-BE54-9A1E7A4F7556}") = "TgBotFrame.Example", "TgBotFrame.Example\TgBotFrame.Example.csproj", "{5AA2078C-51CC-45D0-9173-7FD1D54250F9}"
EndProject
Project("{9A19103F-16F7-4668-BE54-9A1E7A4F7556}") = "TgBotFrame.Data", "TgBotFrame.Data\TgBotFrame.Data.csproj", "{F9AD8893-C44C-4B8E-85B4-40980E2C32DE}"
EndProject
Project("{2150E333-8FDC-42A3-9474-1A3956D46DE8}") = "Элементы решения", "Элементы решения", "{1CC7B866-A6F7-4065-A1A9-3968AFA364AA}"
	ProjectSection(SolutionItems) = preProject
		.editorconfig = .editorconfig
		Directory.Build.props = Directory.Build.props
		Directory.Build.targets = Directory.Build.targets
		Directory.Packages.props = Directory.Packages.props
	EndProjectSection
EndProject
Project("{9A19103F-16F7-4668-BE54-9A1E7A4F7556}") = "TgBotFrame.Tests", "TgBotFrame.Tests\TgBotFrame.Tests.csproj", "{12AFF810-DA1C-495C-98AC-C695C2BF2580}"
EndProject
Global
	GlobalSection(SolutionConfigurationPlatforms) = preSolution
		Debug|Any CPU = Debug|Any CPU
		Release|Any CPU = Release|Any CPU
	EndGlobalSection
	GlobalSection(ProjectConfigurationPlatforms) = postSolution
		{1789CAC5-5441-496F-B340-310E5D16CC23}.Debug|Any CPU.ActiveCfg = Debug|Any CPU
		{1789CAC5-5441-496F-B340-310E5D16CC23}.Debug|Any CPU.Build.0 = Debug|Any CPU
		{1789CAC5-5441-496F-B340-310E5D16CC23}.Release|Any CPU.ActiveCfg = Release|Any CPU
		{1789CAC5-5441-496F-B340-310E5D16CC23}.Release|Any CPU.Build.0 = Release|Any CPU
		{19B00318-C11B-4B29-940C-52A9A64E1738}.Debug|Any CPU.ActiveCfg = Debug|Any CPU
		{19B00318-C11B-4B29-940C-52A9A64E1738}.Debug|Any CPU.Build.0 = Debug|Any CPU
		{19B00318-C11B-4B29-940C-52A9A64E1738}.Release|Any CPU.ActiveCfg = Release|Any CPU
		{19B00318-C11B-4B29-940C-52A9A64E1738}.Release|Any CPU.Build.0 = Release|Any CPU
		{AB8A5DD7-E89B-42BA-88EB-1EB9A36FB1D2}.Debug|Any CPU.ActiveCfg = Debug|Any CPU
		{AB8A5DD7-E89B-42BA-88EB-1EB9A36FB1D2}.Debug|Any CPU.Build.0 = Debug|Any CPU
		{AB8A5DD7-E89B-42BA-88EB-1EB9A36FB1D2}.Release|Any CPU.ActiveCfg = Release|Any CPU
		{AB8A5DD7-E89B-42BA-88EB-1EB9A36FB1D2}.Release|Any CPU.Build.0 = Release|Any CPU
		{32A8EFC2-B8B2-40AD-98D2-2D13A5F25529}.Debug|Any CPU.ActiveCfg = Debug|Any CPU
		{32A8EFC2-B8B2-40AD-98D2-2D13A5F25529}.Debug|Any CPU.Build.0 = Debug|Any CPU
		{32A8EFC2-B8B2-40AD-98D2-2D13A5F25529}.Release|Any CPU.ActiveCfg = Release|Any CPU
		{32A8EFC2-B8B2-40AD-98D2-2D13A5F25529}.Release|Any CPU.Build.0 = Release|Any CPU
		{610044F2-B892-46DD-BC65-0143BC2F3379}.Debug|Any CPU.ActiveCfg = Debug|Any CPU
		{610044F2-B892-46DD-BC65-0143BC2F3379}.Debug|Any CPU.Build.0 = Debug|Any CPU
		{610044F2-B892-46DD-BC65-0143BC2F3379}.Release|Any CPU.ActiveCfg = Release|Any CPU
		{610044F2-B892-46DD-BC65-0143BC2F3379}.Release|Any CPU.Build.0 = Release|Any CPU
		{4C4D3679-1388-41C3-8E5B-935E9FE0A1F5}.Debug|Any CPU.ActiveCfg = Debug|Any CPU
		{4C4D3679-1388-41C3-8E5B-935E9FE0A1F5}.Debug|Any CPU.Build.0 = Debug|Any CPU
		{4C4D3679-1388-41C3-8E5B-935E9FE0A1F5}.Release|Any CPU.ActiveCfg = Release|Any CPU
		{4C4D3679-1388-41C3-8E5B-935E9FE0A1F5}.Release|Any CPU.Build.0 = Release|Any CPU
		{5AA2078C-51CC-45D0-9173-7FD1D54250F9}.Debug|Any CPU.ActiveCfg = Debug|Any CPU
		{5AA2078C-51CC-45D0-9173-7FD1D54250F9}.Debug|Any CPU.Build.0 = Debug|Any CPU
		{5AA2078C-51CC-45D0-9173-7FD1D54250F9}.Release|Any CPU.ActiveCfg = Release|Any CPU
		{5AA2078C-51CC-45D0-9173-7FD1D54250F9}.Release|Any CPU.Build.0 = Release|Any CPU
		{F9AD8893-C44C-4B8E-85B4-40980E2C32DE}.Debug|Any CPU.ActiveCfg = Debug|Any CPU
		{F9AD8893-C44C-4B8E-85B4-40980E2C32DE}.Debug|Any CPU.Build.0 = Debug|Any CPU
		{F9AD8893-C44C-4B8E-85B4-40980E2C32DE}.Release|Any CPU.ActiveCfg = Release|Any CPU
		{F9AD8893-C44C-4B8E-85B4-40980E2C32DE}.Release|Any CPU.Build.0 = Release|Any CPU
		{12AFF810-DA1C-495C-98AC-C695C2BF2580}.Debug|Any CPU.ActiveCfg = Debug|Any CPU
		{12AFF810-DA1C-495C-98AC-C695C2BF2580}.Debug|Any CPU.Build.0 = Debug|Any CPU
		{12AFF810-DA1C-495C-98AC-C695C2BF2580}.Release|Any CPU.ActiveCfg = Release|Any CPU
		{12AFF810-DA1C-495C-98AC-C695C2BF2580}.Release|Any CPU.Build.0 = Release|Any CPU
	EndGlobalSection
	GlobalSection(SolutionProperties) = preSolution
		HideSolutionNode = FALSE
	EndGlobalSection
	GlobalSection(ExtensibilityGlobals) = postSolution
		RESX_NeutralResourcesLanguage = ru-RU
		SolutionGuid = {AD885575-B356-41FC-92C9-E5987C15F54D}
	EndGlobalSection
EndGlobal
